
Microsoft Visual Studio Solution File, Format Version 12.00
# Visual Studio 2013
VisualStudioVersion = 12.0.40629.0
MinimumVisualStudioVersion = 10.0.40219.1
Project("{FAE04EC0-301F-11D3-BF4B-00C04F79EFBC}") = "Bookcase.Web", "Bookcase.Web\Bookcase.Web.csproj", "{D6F08E49-EFA4-4728-8DD6-D774DEE33999}"
EndProject
Project("{FAE04EC0-301F-11D3-BF4B-00C04F79EFBC}") = "Bookcase.Model", "Bookcase.Model\Bookcase.Model.csproj", "{7A47CC43-E30B-4DD4-9E7D-7C5CB0EAC3B2}"
EndProject
Global
	GlobalSection(SolutionConfigurationPlatforms) = preSolution
		Debug|Any CPU = Debug|Any CPU
		Release|Any CPU = Release|Any CPU
	EndGlobalSection
	GlobalSection(ProjectConfigurationPlatforms) = postSolution
		{D6F08E49-EFA4-4728-8DD6-D774DEE33999}.Debug|Any CPU.ActiveCfg = Debug|Any CPU
		{D6F08E49-EFA4-4728-8DD6-D774DEE33999}.Debug|Any CPU.Build.0 = Debug|Any CPU
		{D6F08E49-EFA4-4728-8DD6-D774DEE33999}.Release|Any CPU.ActiveCfg = Release|Any CPU
		{D6F08E49-EFA4-4728-8DD6-D774DEE33999}.Release|Any CPU.Build.0 = Release|Any CPU
		{7A47CC43-E30B-4DD4-9E7D-7C5CB0EAC3B2}.Debug|Any CPU.ActiveCfg = Debug|Any CPU
		{7A47CC43-E30B-4DD4-9E7D-7C5CB0EAC3B2}.Debug|Any CPU.Build.0 = Debug|Any CPU
		{7A47CC43-E30B-4DD4-9E7D-7C5CB0EAC3B2}.Release|Any CPU.ActiveCfg = Release|Any CPU
		{7A47CC43-E30B-4DD4-9E7D-7C5CB0EAC3B2}.Release|Any CPU.Build.0 = Release|Any CPU
	EndGlobalSection
	GlobalSection(SolutionProperties) = preSolution
		HideSolutionNode = FALSE
	EndGlobalSection
EndGlobal
